
Microsoft Visual Studio Solution File, Format Version 12.00
# Visual Studio Version 17
VisualStudioVersion = 17.1.32319.34
MinimumVisualStudioVersion = 10.0.40219.1
Project("{FAE04EC0-301F-11D3-BF4B-00C04F79EFBC}") = "CollectCoinsEF", "CollectCoinsEF\CollectCoinsEF.csproj", "{1F5C5B9A-032F-4CAF-9318-A377FF29BD03}"
EndProject
Global
	GlobalSection(SolutionConfigurationPlatforms) = preSolution
		Debug|Any CPU = Debug|Any CPU
		Release|Any CPU = Release|Any CPU
	EndGlobalSection
	GlobalSection(ProjectConfigurationPlatforms) = postSolution
		{1F5C5B9A-032F-4CAF-9318-A377FF29BD03}.Debug|Any CPU.ActiveCfg = Debug|Any CPU
		{1F5C5B9A-032F-4CAF-9318-A377FF29BD03}.Debug|Any CPU.Build.0 = Debug|Any CPU
		{1F5C5B9A-032F-4CAF-9318-A377FF29BD03}.Release|Any CPU.ActiveCfg = Release|Any CPU
		{1F5C5B9A-032F-4CAF-9318-A377FF29BD03}.Release|Any CPU.Build.0 = Release|Any CPU
	EndGlobalSection
	GlobalSection(SolutionProperties) = preSolution
		HideSolutionNode = FALSE
	EndGlobalSection
	GlobalSection(ExtensibilityGlobals) = postSolution
		SolutionGuid = {92A23E66-FDC4-4ED7-ACD7-1E6DF2AEE182}
	EndGlobalSection
EndGlobal
